
Microsoft Visual Studio Solution File, Format Version 12.00
# Visual Studio Version 17
VisualStudioVersion = 17.12.35527.113
MinimumVisualStudioVersion = 10.0.40219.1
Project("{FAE04EC0-301F-11D3-BF4B-00C04F79EFBC}") = "PP-ERP.WEB", "PP-ERP.WEB\PP-ERP.WEB.csproj", "{8358A1F2-56E3-446E-B5AD-110E40B319DB}"
EndProject
Project("{2150E333-8FDC-42A3-9474-1A3956D46DE8}") = "Presentation", "Presentation", "{53793B8D-C34A-4E3C-B2D6-4FDF286E819E}"
EndProject
Project("{2150E333-8FDC-42A3-9474-1A3956D46DE8}") = "Domain", "Domain", "{37FD84DA-00B7-4499-9B04-7F4F82E85A73}"
EndProject
Project("{2150E333-8FDC-42A3-9474-1A3956D46DE8}") = "Infrastructure", "Infrastructure", "{04B677F9-C327-415F-B077-24FE919BC7C1}"
EndProject
Project("{2150E333-8FDC-42A3-9474-1A3956D46DE8}") = "Application", "Application", "{DE8DF45A-116D-498A-81E7-CAEA68A6DA3D}"
EndProject
Project("{FAE04EC0-301F-11D3-BF4B-00C04F79EFBC}") = "PP-ERP.Application", "PP-ERP.Application\PP-ERP.Application.csproj", "{52FD1F4D-2551-44A6-B1AB-FEFA13577621}"
EndProject
Project("{FAE04EC0-301F-11D3-BF4B-00C04F79EFBC}") = "PP-ERP.Domain", "PP-ERP.Domain\PP-ERP.Domain.csproj", "{2198DBF4-5C7A-4B22-AFF9-3E7013DFB84A}"
EndProject
Project("{FAE04EC0-301F-11D3-BF4B-00C04F79EFBC}") = "PP-ERP.Infrastructure", "PP-ERP.Infrastructure\PP-ERP.Infrastructure.csproj", "{CF1B2F40-5979-40A8-A0BD-97719DC8DD3A}"
EndProject
Project("{FAE04EC0-301F-11D3-BF4B-00C04F79EFBC}") = "PP-ERP.API", "PP-ERP.API\PP-ERP.API.csproj", "{EE6DFEDE-0D9C-4FAB-B8C7-AA252E5895D7}"
EndProject
Project("{FAE04EC0-301F-11D3-BF4B-00C04F79EFBC}") = "PP-ERP.DTO", "PP-ERP.DTO\PP-ERP.DTO.csproj", "{35EACFFA-CBF8-455B-BEE1-336AA55F830C}"
EndProject
Global
	GlobalSection(SolutionConfigurationPlatforms) = preSolution
		Debug|Any CPU = Debug|Any CPU
		Release|Any CPU = Release|Any CPU
	EndGlobalSection
	GlobalSection(ProjectConfigurationPlatforms) = postSolution
		{8358A1F2-56E3-446E-B5AD-110E40B319DB}.Debug|Any CPU.ActiveCfg = Debug|Any CPU
		{8358A1F2-56E3-446E-B5AD-110E40B319DB}.Debug|Any CPU.Build.0 = Debug|Any CPU
		{8358A1F2-56E3-446E-B5AD-110E40B319DB}.Release|Any CPU.ActiveCfg = Release|Any CPU
		{8358A1F2-56E3-446E-B5AD-110E40B319DB}.Release|Any CPU.Build.0 = Release|Any CPU
		{52FD1F4D-2551-44A6-B1AB-FEFA13577621}.Debug|Any CPU.ActiveCfg = Debug|Any CPU
		{52FD1F4D-2551-44A6-B1AB-FEFA13577621}.Debug|Any CPU.Build.0 = Debug|Any CPU
		{52FD1F4D-2551-44A6-B1AB-FEFA13577621}.Release|Any CPU.ActiveCfg = Release|Any CPU
		{52FD1F4D-2551-44A6-B1AB-FEFA13577621}.Release|Any CPU.Build.0 = Release|Any CPU
		{2198DBF4-5C7A-4B22-AFF9-3E7013DFB84A}.Debug|Any CPU.ActiveCfg = Debug|Any CPU
		{2198DBF4-5C7A-4B22-AFF9-3E7013DFB84A}.Debug|Any CPU.Build.0 = Debug|Any CPU
		{2198DBF4-5C7A-4B22-AFF9-3E7013DFB84A}.Release|Any CPU.ActiveCfg = Release|Any CPU
		{2198DBF4-5C7A-4B22-AFF9-3E7013DFB84A}.Release|Any CPU.Build.0 = Release|Any CPU
		{CF1B2F40-5979-40A8-A0BD-97719DC8DD3A}.Debug|Any CPU.ActiveCfg = Debug|Any CPU
		{CF1B2F40-5979-40A8-A0BD-97719DC8DD3A}.Debug|Any CPU.Build.0 = Debug|Any CPU
		{CF1B2F40-5979-40A8-A0BD-97719DC8DD3A}.Release|Any CPU.ActiveCfg = Release|Any CPU
		{CF1B2F40-5979-40A8-A0BD-97719DC8DD3A}.Release|Any CPU.Build.0 = Release|Any CPU
		{EE6DFEDE-0D9C-4FAB-B8C7-AA252E5895D7}.Debug|Any CPU.ActiveCfg = Debug|Any CPU
		{EE6DFEDE-0D9C-4FAB-B8C7-AA252E5895D7}.Debug|Any CPU.Build.0 = Debug|Any CPU
		{EE6DFEDE-0D9C-4FAB-B8C7-AA252E5895D7}.Release|Any CPU.ActiveCfg = Release|Any CPU
		{EE6DFEDE-0D9C-4FAB-B8C7-AA252E5895D7}.Release|Any CPU.Build.0 = Release|Any CPU
		{35EACFFA-CBF8-455B-BEE1-336AA55F830C}.Debug|Any CPU.ActiveCfg = Debug|Any CPU
		{35EACFFA-CBF8-455B-BEE1-336AA55F830C}.Debug|Any CPU.Build.0 = Debug|Any CPU
		{35EACFFA-CBF8-455B-BEE1-336AA55F830C}.Release|Any CPU.ActiveCfg = Release|Any CPU
		{35EACFFA-CBF8-455B-BEE1-336AA55F830C}.Release|Any CPU.Build.0 = Release|Any CPU
	EndGlobalSection
	GlobalSection(SolutionProperties) = preSolution
		HideSolutionNode = FALSE
	EndGlobalSection
	GlobalSection(NestedProjects) = preSolution
		{8358A1F2-56E3-446E-B5AD-110E40B319DB} = {53793B8D-C34A-4E3C-B2D6-4FDF286E819E}
		{52FD1F4D-2551-44A6-B1AB-FEFA13577621} = {DE8DF45A-116D-498A-81E7-CAEA68A6DA3D}
		{2198DBF4-5C7A-4B22-AFF9-3E7013DFB84A} = {37FD84DA-00B7-4499-9B04-7F4F82E85A73}
		{CF1B2F40-5979-40A8-A0BD-97719DC8DD3A} = {04B677F9-C327-415F-B077-24FE919BC7C1}
		{EE6DFEDE-0D9C-4FAB-B8C7-AA252E5895D7} = {53793B8D-C34A-4E3C-B2D6-4FDF286E819E}
		{35EACFFA-CBF8-455B-BEE1-336AA55F830C} = {DE8DF45A-116D-498A-81E7-CAEA68A6DA3D}
	EndGlobalSection
EndGlobal
